{
    "name": "@sumdoo-utils/uniapp-helper",
    "version": "0.0.11",
    "lockfileVersion": 1,
    "requires": true,
    "dependencies": {
        "@dcloudio/types": {
            "version": "2.5.1",
            "resolved": "http://182.254.211.145:4873/@dcloudio%2ftypes/-/types-2.5.1.tgz",
            "integrity": "sha512-tw+ELDxWJFG2/GoVlQuUuA8YATtXMmCP7AzRvb1syrdf1rVgrzCGJr3GVlGE8qLEl/lhhRKuufgcOp3h9VSEzA==",
            "dev": true
        },
        "@sumdoo-utils/core": {
            "version": "0.4.10",
            "resolved": "http://182.254.211.145:4873/@sumdoo-utils%2fcore/-/core-0.4.10.tgz",
            "integrity": "sha512-YBhtdiJqw0mGWD+QTkSxUVTJo3jDqq4Ae35Zxvbn92IKov9d9R/wna24++iG72MM+2U8NW4JfddvLXAfJ/fYug==",
            "dev": true
        }
    }
}
